// !$*UTF8*$!
{
	archiveVersion = 1;
	classes = {
	};
	objectVersion = 46;
	objects = {

/* Begin PBXBuildFile section */
		223A74B51D539B73007C4ED1 /* AppDelegate.m in Sources */ = {isa = PBXBuildFile; fileRef = 223A74A91D539B73007C4ED1 /* AppDelegate.m */; };
		223A74B71D539B73007C4ED1 /* LaunchScreen.storyboard in Resources */ = {isa = PBXBuildFile; fileRef = 223A74AB1D539B73007C4ED1 /* LaunchScreen.storyboard */; };
		223A74B81D539B73007C4ED1 /* Main.storyboard in Resources */ = {isa = PBXBuildFile; fileRef = 223A74AC1D539B73007C4ED1 /* Main.storyboard */; };
		223A74B91D539B73007C4ED1 /* HomeViewController.m in Sources */ = {isa = PBXBuildFile; fileRef = 223A74AE1D539B73007C4ED1 /* HomeViewController.m */; };
		223A74BA1D539B73007C4ED1 /* MenuViewController.m in Sources */ = {isa = PBXBuildFile; fileRef = 223A74B01D539B73007C4ED1 /* MenuViewController.m */; };
		223A74BB1D539B73007C4ED1 /* BuyProductViewController.m in Sources */ = {isa = PBXBuildFile; fileRef = 223A74B21D539B73007C4ED1 /* BuyProductViewController.m */; };
		223A74BC1D539B73007C4ED1 /* CustomFieldViewController.m in Sources */ = {isa = PBXBuildFile; fileRef = 223A74B41D539B73007C4ED1 /* CustomFieldViewController.m */; };
		223A74D21D539BD1007C4ED1 /* LICENSE in Resources */ = {isa = PBXBuildFile; fileRef = 223A74BE1D539BD1007C4ED1 /* LICENSE */; };
		223A74D31D539BD1007C4ED1 /* MFSideMenuContainerViewController.m in Sources */ = {isa = PBXBuildFile; fileRef = 223A74C11D539BD1007C4ED1 /* MFSideMenuContainerViewController.m */; };
		223A74D41D539BD1007C4ED1 /* MFSideMenuShadow.m in Sources */ = {isa = PBXBuildFile; fileRef = 223A74C31D539BD1007C4ED1 /* MFSideMenuShadow.m */; };
		223A74D51D539BD1007C4ED1 /* UIViewController+MFSideMenuAdditions.m in Sources */ = {isa = PBXBuildFile; fileRef = 223A74C51D539BD1007C4ED1 /* UIViewController+MFSideMenuAdditions.m */; };
		223A74D61D539BD1007C4ED1 /* appicon-120.png in Resources */ = {isa = PBXBuildFile; fileRef = 223A74C71D539BD1007C4ED1 /* appicon-120.png */; };
		223A74D71D539BD1007C4ED1 /* appicon-152.png in Resources */ = {isa = PBXBuildFile; fileRef = 223A74C81D539BD1007C4ED1 /* appicon-152.png */; };
		223A74D81D539BD1007C4ED1 /* appicon-180.png in Resources */ = {isa = PBXBuildFile; fileRef = 223A74C91D539BD1007C4ED1 /* appicon-180.png */; };
		223A74D91D539BD1007C4ED1 /* appicon-60.png in Resources */ = {isa = PBXBuildFile; fileRef = 223A74CA1D539BD1007C4ED1 /* appicon-60.png */; };
		223A74DA1D539BD1007C4ED1 /* appicon-76.png in Resources */ = {isa = PBXBuildFile; fileRef = 223A74CB1D539BD1007C4ED1 /* appicon-76.png */; };
		223A74DB1D539BD1007C4ED1 /* launch_logo.png in Resources */ = {isa = PBXBuildFile; fileRef = 223A74CC1D539BD1007C4ED1 /* launch_logo.png */; };
		223A74DC1D539BD1007C4ED1 /* launch_logo@2x.png in Resources */ = {isa = PBXBuildFile; fileRef = 223A74CD1D539BD1007C4ED1 /* launch_logo@2x.png */; };
		223A74DD1D539BD1007C4ED1 /* launch_logo@3x.png in Resources */ = {isa = PBXBuildFile; fileRef = 223A74CE1D539BD1007C4ED1 /* launch_logo@3x.png */; };
		223A74DE1D539BD1007C4ED1 /* menu.png in Resources */ = {isa = PBXBuildFile; fileRef = 223A74CF1D539BD1007C4ED1 /* menu.png */; };
		223A74DF1D539BD1007C4ED1 /* menu@2x.png in Resources */ = {isa = PBXBuildFile; fileRef = 223A74D01D539BD1007C4ED1 /* menu@2x.png */; };
		223A74E01D539BD1007C4ED1 /* menu@3x.png in Resources */ = {isa = PBXBuildFile; fileRef = 223A74D11D539BD1007C4ED1 /* menu@3x.png */; };
		223A74E41D539F20007C4ED1 /* userhook.plist in Resources */ = {isa = PBXBuildFile; fileRef = 223A74E31D539F20007C4ED1 /* userhook.plist */; };
		22E9C6581D9EBB9400C4296D /* UHHookpointTest.m in Sources */ = {isa = PBXBuildFile; fileRef = 22E9C6571D9EBB9400C4296D /* UHHookpointTest.m */; };
		22E9C65C1D9EE72B00C4296D /* UHRequestTest.m in Sources */ = {isa = PBXBuildFile; fileRef = 22E9C65B1D9EE72B00C4296D /* UHRequestTest.m */; };
		22E9C6701DA2CE3E00C4296D /* UHOperationTest.m in Sources */ = {isa = PBXBuildFile; fileRef = 22E9C66F1DA2CE3E00C4296D /* UHOperationTest.m */; };
		22F90BD11DA842B2009ECB6E /* UHPushTest.m in Sources */ = {isa = PBXBuildFile; fileRef = 22F90BD01DA842B2009ECB6E /* UHPushTest.m */; };
		3272D02B442A4A054D408EB3 /* Pods_UserHook_Example.framework in Frameworks */ = {isa = PBXBuildFile; fileRef = 37FA07D7671BC06E0E91FE34 /* Pods_UserHook_Example.framework */; };
		6003F58E195388D20070C39A /* Foundation.framework in Frameworks */ = {isa = PBXBuildFile; fileRef = 6003F58D195388D20070C39A /* Foundation.framework */; };
		6003F590195388D20070C39A /* CoreGraphics.framework in Frameworks */ = {isa = PBXBuildFile; fileRef = 6003F58F195388D20070C39A /* CoreGraphics.framework */; };
		6003F592195388D20070C39A /* UIKit.framework in Frameworks */ = {isa = PBXBuildFile; fileRef = 6003F591195388D20070C39A /* UIKit.framework */; };
		6003F598195388D20070C39A /* InfoPlist.strings in Resources */ = {isa = PBXBuildFile; fileRef = 6003F596195388D20070C39A /* InfoPlist.strings */; };
		6003F59A195388D20070C39A /* main.m in Sources */ = {isa = PBXBuildFile; fileRef = 6003F599195388D20070C39A /* main.m */; };
		6003F5A9195388D20070C39A /* Images.xcassets in Resources */ = {isa = PBXBuildFile; fileRef = 6003F5A8195388D20070C39A /* Images.xcassets */; };
		6003F5B0195388D20070C39A /* XCTest.framework in Frameworks */ = {isa = PBXBuildFile; fileRef = 6003F5AF195388D20070C39A /* XCTest.framework */; };
		6003F5B1195388D20070C39A /* Foundation.framework in Frameworks */ = {isa = PBXBuildFile; fileRef = 6003F58D195388D20070C39A /* Foundation.framework */; };
		6003F5B2195388D20070C39A /* UIKit.framework in Frameworks */ = {isa = PBXBuildFile; fileRef = 6003F591195388D20070C39A /* UIKit.framework */; };
		6003F5BA195388D20070C39A /* InfoPlist.strings in Resources */ = {isa = PBXBuildFile; fileRef = 6003F5B8195388D20070C39A /* InfoPlist.strings */; };
		74F31E51E52E242E8661386B /* Pods_UserHook_Tests.framework in Frameworks */ = {isa = PBXBuildFile; fileRef = 2B38E7A2451AC36944FF900C /* Pods_UserHook_Tests.framework */; };
/* End PBXBuildFile section */

/* Begin PBXContainerItemProxy section */
		6003F5B3195388D20070C39A /* PBXContainerItemProxy */ = {
			isa = PBXContainerItemProxy;
			containerPortal = 6003F582195388D10070C39A /* Project object */;
			proxyType = 1;
			remoteGlobalIDString = 6003F589195388D20070C39A;
			remoteInfo = UserHook;
		};
/* End PBXContainerItemProxy section */

/* Begin PBXFileReference section */
		05BDFE8BE32D06A9B92DF651 /* Pods-UserHook_Tests.debug.xcconfig */ = {isa = PBXFileReference; includeInIndex = 1; lastKnownFileType = text.xcconfig; name = "Pods-UserHook_Tests.debug.xcconfig"; path = "Pods/Target Support Files/Pods-UserHook_Tests/Pods-UserHook_Tests.debug.xcconfig"; sourceTree = "<group>"; };
		0621FB711712AC86BFAF09A9 /* Pods-UserHook_Example.debug.xcconfig */ = {isa = PBXFileReference; includeInIndex = 1; lastKnownFileType = text.xcconfig; name = "Pods-UserHook_Example.debug.xcconfig"; path = "Pods/Target Support Files/Pods-UserHook_Example/Pods-UserHook_Example.debug.xcconfig"; sourceTree = "<group>"; };
		0A8C9238D01A2C238E12BB17 /* LICENSE */ = {isa = PBXFileReference; includeInIndex = 1; lastKnownFileType = text; name = LICENSE; path = ../LICENSE; sourceTree = "<group>"; };
		223A74A81D539B73007C4ED1 /* AppDelegate.h */ = {isa = PBXFileReference; fileEncoding = 4; lastKnownFileType = sourcecode.c.h; path = AppDelegate.h; sourceTree = "<group>"; };
		223A74A91D539B73007C4ED1 /* AppDelegate.m */ = {isa = PBXFileReference; fileEncoding = 4; lastKnownFileType = sourcecode.c.objc; path = AppDelegate.m; sourceTree = "<group>"; };
		223A74AB1D539B73007C4ED1 /* LaunchScreen.storyboard */ = {isa = PBXFileReference; fileEncoding = 4; lastKnownFileType = file.storyboard; path = LaunchScreen.storyboard; sourceTree = "<group>"; };
		223A74AC1D539B73007C4ED1 /* Main.storyboard */ = {isa = PBXFileReference; fileEncoding = 4; lastKnownFileType = file.storyboard; path = Main.storyboard; sourceTree = "<group>"; };
		223A74AD1D539B73007C4ED1 /* HomeViewController.h */ = {isa = PBXFileReference; fileEncoding = 4; lastKnownFileType = sourcecode.c.h; path = HomeViewController.h; sourceTree = "<group>"; };
		223A74AE1D539B73007C4ED1 /* HomeViewController.m */ = {isa = PBXFileReference; fileEncoding = 4; lastKnownFileType = sourcecode.c.objc; path = HomeViewController.m; sourceTree = "<group>"; };
		223A74AF1D539B73007C4ED1 /* MenuViewController.h */ = {isa = PBXFileReference; fileEncoding = 4; lastKnownFileType = sourcecode.c.h; path = MenuViewController.h; sourceTree = "<group>"; };
		223A74B01D539B73007C4ED1 /* MenuViewController.m */ = {isa = PBXFileReference; fileEncoding = 4; lastKnownFileType = sourcecode.c.objc; path = MenuViewController.m; sourceTree = "<group>"; };
		223A74B11D539B73007C4ED1 /* BuyProductViewController.h */ = {isa = PBXFileReference; fileEncoding = 4; lastKnownFileType = sourcecode.c.h; path = BuyProductViewController.h; sourceTree = "<group>"; };
		223A74B21D539B73007C4ED1 /* BuyProductViewController.m */ = {isa = PBXFileReference; fileEncoding = 4; lastKnownFileType = sourcecode.c.objc; path = BuyProductViewController.m; sourceTree = "<group>"; };
		223A74B31D539B73007C4ED1 /* CustomFieldViewController.h */ = {isa = PBXFileReference; fileEncoding = 4; lastKnownFileType = sourcecode.c.h; path = CustomFieldViewController.h; sourceTree = "<group>"; };
		223A74B41D539B73007C4ED1 /* CustomFieldViewController.m */ = {isa = PBXFileReference; fileEncoding = 4; lastKnownFileType = sourcecode.c.objc; path = CustomFieldViewController.m; sourceTree = "<group>"; };
		223A74BE1D539BD1007C4ED1 /* LICENSE */ = {isa = PBXFileReference; fileEncoding = 4; lastKnownFileType = text; path = LICENSE; sourceTree = "<group>"; };
		223A74BF1D539BD1007C4ED1 /* MFSideMenu.h */ = {isa = PBXFileReference; fileEncoding = 4; lastKnownFileType = sourcecode.c.h; path = MFSideMenu.h; sourceTree = "<group>"; };
		223A74C01D539BD1007C4ED1 /* MFSideMenuContainerViewController.h */ = {isa = PBXFileReference; fileEncoding = 4; lastKnownFileType = sourcecode.c.h; path = MFSideMenuContainerViewController.h; sourceTree = "<group>"; };
		223A74C11D539BD1007C4ED1 /* MFSideMenuContainerViewController.m */ = {isa = PBXFileReference; fileEncoding = 4; lastKnownFileType = sourcecode.c.objc; path = MFSideMenuContainerViewController.m; sourceTree = "<group>"; };
		223A74C21D539BD1007C4ED1 /* MFSideMenuShadow.h */ = {isa = PBXFileReference; fileEncoding = 4; lastKnownFileType = sourcecode.c.h; path = MFSideMenuShadow.h; sourceTree = "<group>"; };
		223A74C31D539BD1007C4ED1 /* MFSideMenuShadow.m */ = {isa = PBXFileReference; fileEncoding = 4; lastKnownFileType = sourcecode.c.objc; path = MFSideMenuShadow.m; sourceTree = "<group>"; };
		223A74C41D539BD1007C4ED1 /* UIViewController+MFSideMenuAdditions.h */ = {isa = PBXFileReference; fileEncoding = 4; lastKnownFileType = sourcecode.c.h; path = "UIViewController+MFSideMenuAdditions.h"; sourceTree = "<group>"; };
		223A74C51D539BD1007C4ED1 /* UIViewController+MFSideMenuAdditions.m */ = {isa = PBXFileReference; fileEncoding = 4; lastKnownFileType = sourcecode.c.objc; path = "UIViewController+MFSideMenuAdditions.m"; sourceTree = "<group>"; };
		223A74C71D539BD1007C4ED1 /* appicon-120.png */ = {isa = PBXFileReference; lastKnownFileType = image.png; path = "appicon-120.png"; sourceTree = "<group>"; };
		223A74C81D539BD1007C4ED1 /* appicon-152.png */ = {isa = PBXFileReference; lastKnownFileType = image.png; path = "appicon-152.png"; sourceTree = "<group>"; };
		223A74C91D539BD1007C4ED1 /* appicon-180.png */ = {isa = PBXFileReference; lastKnownFileType = image.png; path = "appicon-180.png"; sourceTree = "<group>"; };
		223A74CA1D539BD1007C4ED1 /* appicon-60.png */ = {isa = PBXFileReference; lastKnownFileType = image.png; path = "appicon-60.png"; sourceTree = "<group>"; };
		223A74CB1D539BD1007C4ED1 /* appicon-76.png */ = {isa = PBXFileReference; lastKnownFileType = image.png; path = "appicon-76.png"; sourceTree = "<group>"; };
		223A74CC1D539BD1007C4ED1 /* launch_logo.png */ = {isa = PBXFileReference; lastKnownFileType = image.png; path = launch_logo.png; sourceTree = "<group>"; };
		223A74CD1D539BD1007C4ED1 /* launch_logo@2x.png */ = {isa = PBXFileReference; lastKnownFileType = image.png; path = "launch_logo@2x.png"; sourceTree = "<group>"; };
		223A74CE1D539BD1007C4ED1 /* launch_logo@3x.png */ = {isa = PBXFileReference; lastKnownFileType = image.png; path = "launch_logo@3x.png"; sourceTree = "<group>"; };
		223A74CF1D539BD1007C4ED1 /* menu.png */ = {isa = PBXFileReference; lastKnownFileType = image.png; path = menu.png; sourceTree = "<group>"; };
		223A74D01D539BD1007C4ED1 /* menu@2x.png */ = {isa = PBXFileReference; lastKnownFileType = image.png; path = "menu@2x.png"; sourceTree = "<group>"; };
		223A74D11D539BD1007C4ED1 /* menu@3x.png */ = {isa = PBXFileReference; lastKnownFileType = image.png; path = "menu@3x.png"; sourceTree = "<group>"; };
		223A74E31D539F20007C4ED1 /* userhook.plist */ = {isa = PBXFileReference; fileEncoding = 4; lastKnownFileType = text.plist.xml; path = userhook.plist; sourceTree = "<group>"; };
		22E9C6571D9EBB9400C4296D /* UHHookpointTest.m */ = {isa = PBXFileReference; fileEncoding = 4; lastKnownFileType = sourcecode.c.objc; path = UHHookpointTest.m; sourceTree = "<group>"; };
		22E9C65B1D9EE72B00C4296D /* UHRequestTest.m */ = {isa = PBXFileReference; fileEncoding = 4; lastKnownFileType = sourcecode.c.objc; path = UHRequestTest.m; sourceTree = "<group>"; };
		22E9C66F1DA2CE3E00C4296D /* UHOperationTest.m */ = {isa = PBXFileReference; fileEncoding = 4; lastKnownFileType = sourcecode.c.objc; path = UHOperationTest.m; sourceTree = "<group>"; };
		22F90BD01DA842B2009ECB6E /* UHPushTest.m */ = {isa = PBXFileReference; fileEncoding = 4; lastKnownFileType = sourcecode.c.objc; path = UHPushTest.m; sourceTree = "<group>"; };
		22F90BD21DA84AAA009ECB6E /* UserHook_Example.entitlements */ = {isa = PBXFileReference; lastKnownFileType = text.plist.entitlements; path = UserHook_Example.entitlements; sourceTree = "<group>"; };
		2B38E7A2451AC36944FF900C /* Pods_UserHook_Tests.framework */ = {isa = PBXFileReference; explicitFileType = wrapper.framework; includeInIndex = 0; path = Pods_UserHook_Tests.framework; sourceTree = BUILT_PRODUCTS_DIR; };
		37FA07D7671BC06E0E91FE34 /* Pods_UserHook_Example.framework */ = {isa = PBXFileReference; explicitFileType = wrapper.framework; includeInIndex = 0; path = Pods_UserHook_Example.framework; sourceTree = BUILT_PRODUCTS_DIR; };
		6003F58A195388D20070C39A /* UserHook_Example.app */ = {isa = PBXFileReference; explicitFileType = wrapper.application; includeInIndex = 0; path = UserHook_Example.app; sourceTree = BUILT_PRODUCTS_DIR; };
		6003F58D195388D20070C39A /* Foundation.framework */ = {isa = PBXFileReference; lastKnownFileType = wrapper.framework; name = Foundation.framework; path = System/Library/Frameworks/Foundation.framework; sourceTree = SDKROOT; };
		6003F58F195388D20070C39A /* CoreGraphics.framework */ = {isa = PBXFileReference; lastKnownFileType = wrapper.framework; name = CoreGraphics.framework; path = System/Library/Frameworks/CoreGraphics.framework; sourceTree = SDKROOT; };
		6003F591195388D20070C39A /* UIKit.framework */ = {isa = PBXFileReference; lastKnownFileType = wrapper.framework; name = UIKit.framework; path = System/Library/Frameworks/UIKit.framework; sourceTree = SDKROOT; };
		6003F595195388D20070C39A /* UserHook-Info.plist */ = {isa = PBXFileReference; lastKnownFileType = text.plist.xml; path = "UserHook-Info.plist"; sourceTree = "<group>"; };
		6003F597195388D20070C39A /* en */ = {isa = PBXFileReference; lastKnownFileType = text.plist.strings; name = en; path = en.lproj/InfoPlist.strings; sourceTree = "<group>"; };
		6003F599195388D20070C39A /* main.m */ = {isa = PBXFileReference; lastKnownFileType = sourcecode.c.objc; path = main.m; sourceTree = "<group>"; };
		6003F59B195388D20070C39A /* UserHook-Prefix.pch */ = {isa = PBXFileReference; lastKnownFileType = sourcecode.c.h; path = "UserHook-Prefix.pch"; sourceTree = "<group>"; };
		6003F5A8195388D20070C39A /* Images.xcassets */ = {isa = PBXFileReference; lastKnownFileType = folder.assetcatalog; path = Images.xcassets; sourceTree = "<group>"; };
		6003F5AE195388D20070C39A /* UserHook_Tests.xctest */ = {isa = PBXFileReference; explicitFileType = wrapper.cfbundle; includeInIndex = 0; path = UserHook_Tests.xctest; sourceTree = BUILT_PRODUCTS_DIR; };
		6003F5AF195388D20070C39A /* XCTest.framework */ = {isa = PBXFileReference; lastKnownFileType = wrapper.framework; name = XCTest.framework; path = Library/Frameworks/XCTest.framework; sourceTree = DEVELOPER_DIR; };
		6003F5B7195388D20070C39A /* Tests-Info.plist */ = {isa = PBXFileReference; lastKnownFileType = text.plist.xml; path = "Tests-Info.plist"; sourceTree = "<group>"; };
		6003F5B9195388D20070C39A /* en */ = {isa = PBXFileReference; lastKnownFileType = text.plist.strings; name = en; path = en.lproj/InfoPlist.strings; sourceTree = "<group>"; };
		606FC2411953D9B200FFA9A0 /* Tests-Prefix.pch */ = {isa = PBXFileReference; lastKnownFileType = sourcecode.c.h; path = "Tests-Prefix.pch"; sourceTree = "<group>"; };
		61DAA51DF273418487C2E084 /* UserHook.podspec */ = {isa = PBXFileReference; includeInIndex = 1; lastKnownFileType = text; name = UserHook.podspec; path = ../UserHook.podspec; sourceTree = "<group>"; };
		6D33E793E27B8F43F5F12D43 /* Pods-UserHook_Tests.release.xcconfig */ = {isa = PBXFileReference; includeInIndex = 1; lastKnownFileType = text.xcconfig; name = "Pods-UserHook_Tests.release.xcconfig"; path = "Pods/Target Support Files/Pods-UserHook_Tests/Pods-UserHook_Tests.release.xcconfig"; sourceTree = "<group>"; };
		7BB515D68C0E38F072DAFCB9 /* README.md */ = {isa = PBXFileReference; includeInIndex = 1; lastKnownFileType = net.daringfireball.markdown; name = README.md; path = ../README.md; sourceTree = "<group>"; };
		F78226A864827CB7AFB3F826 /* Pods-UserHook_Example.release.xcconfig */ = {isa = PBXFileReference; includeInIndex = 1; lastKnownFileType = text.xcconfig; name = "Pods-UserHook_Example.release.xcconfig"; path = "Pods/Target Support Files/Pods-UserHook_Example/Pods-UserHook_Example.release.xcconfig"; sourceTree = "<group>"; };
/* End PBXFileReference section */

/* Begin PBXFrameworksBuildPhase section */
		6003F587195388D20070C39A /* Frameworks */ = {
			isa = PBXFrameworksBuildPhase;
			buildActionMask = 2147483647;
			files = (
				6003F590195388D20070C39A /* CoreGraphics.framework in Frameworks */,
				6003F592195388D20070C39A /* UIKit.framework in Frameworks */,
				6003F58E195388D20070C39A /* Foundation.framework in Frameworks */,
				3272D02B442A4A054D408EB3 /* Pods_UserHook_Example.framework in Frameworks */,
			);
			runOnlyForDeploymentPostprocessing = 0;
		};
		6003F5AB195388D20070C39A /* Frameworks */ = {
			isa = PBXFrameworksBuildPhase;
			buildActionMask = 2147483647;
			files = (
				6003F5B0195388D20070C39A /* XCTest.framework in Frameworks */,
				6003F5B2195388D20070C39A /* UIKit.framework in Frameworks */,
				6003F5B1195388D20070C39A /* Foundation.framework in Frameworks */,
				74F31E51E52E242E8661386B /* Pods_UserHook_Tests.framework in Frameworks */,
			);
			runOnlyForDeploymentPostprocessing = 0;
		};
/* End PBXFrameworksBuildPhase section */

/* Begin PBXGroup section */
		223A74BD1D539BD1007C4ED1 /* MFSideMenu */ = {
			isa = PBXGroup;
			children = (
				223A74BE1D539BD1007C4ED1 /* LICENSE */,
				223A74BF1D539BD1007C4ED1 /* MFSideMenu.h */,
				223A74C01D539BD1007C4ED1 /* MFSideMenuContainerViewController.h */,
				223A74C11D539BD1007C4ED1 /* MFSideMenuContainerViewController.m */,
				223A74C21D539BD1007C4ED1 /* MFSideMenuShadow.h */,
				223A74C31D539BD1007C4ED1 /* MFSideMenuShadow.m */,
				223A74C41D539BD1007C4ED1 /* UIViewController+MFSideMenuAdditions.h */,
				223A74C51D539BD1007C4ED1 /* UIViewController+MFSideMenuAdditions.m */,
			);
			path = MFSideMenu;
			sourceTree = "<group>";
		};
		223A74C61D539BD1007C4ED1 /* Resources */ = {
			isa = PBXGroup;
			children = (
				223A74C71D539BD1007C4ED1 /* appicon-120.png */,
				223A74C81D539BD1007C4ED1 /* appicon-152.png */,
				223A74C91D539BD1007C4ED1 /* appicon-180.png */,
				223A74CA1D539BD1007C4ED1 /* appicon-60.png */,
				223A74CB1D539BD1007C4ED1 /* appicon-76.png */,
				223A74CC1D539BD1007C4ED1 /* launch_logo.png */,
				223A74CD1D539BD1007C4ED1 /* launch_logo@2x.png */,
				223A74CE1D539BD1007C4ED1 /* launch_logo@3x.png */,
				223A74CF1D539BD1007C4ED1 /* menu.png */,
				223A74D01D539BD1007C4ED1 /* menu@2x.png */,
				223A74D11D539BD1007C4ED1 /* menu@3x.png */,
			);
			path = Resources;
			sourceTree = "<group>";
		};
		6003F581195388D10070C39A = {
			isa = PBXGroup;
			children = (
				22F90BD21DA84AAA009ECB6E /* UserHook_Example.entitlements */,
				60FF7A9C1954A5C5007DD14C /* Podspec Metadata */,
				6003F593195388D20070C39A /* Example for UserHook */,
				6003F5B5195388D20070C39A /* Tests */,
				6003F58C195388D20070C39A /* Frameworks */,
				6003F58B195388D20070C39A /* Products */,
				81D1430B82FB15221247BB93 /* Pods */,
			);
			sourceTree = "<group>";
		};
		6003F58B195388D20070C39A /* Products */ = {
			isa = PBXGroup;
			children = (
				6003F58A195388D20070C39A /* UserHook_Example.app */,
				6003F5AE195388D20070C39A /* UserHook_Tests.xctest */,
			);
			name = Products;
			sourceTree = "<group>";
		};
		6003F58C195388D20070C39A /* Frameworks */ = {
			isa = PBXGroup;
			children = (
				6003F58D195388D20070C39A /* Foundation.framework */,
				6003F58F195388D20070C39A /* CoreGraphics.framework */,
				6003F591195388D20070C39A /* UIKit.framework */,
				6003F5AF195388D20070C39A /* XCTest.framework */,
				37FA07D7671BC06E0E91FE34 /* Pods_UserHook_Example.framework */,
				2B38E7A2451AC36944FF900C /* Pods_UserHook_Tests.framework */,
			);
			name = Frameworks;
			sourceTree = "<group>";
		};
		6003F593195388D20070C39A /* Example for UserHook */ = {
			isa = PBXGroup;
			children = (
				223A74BD1D539BD1007C4ED1 /* MFSideMenu */,
				223A74C61D539BD1007C4ED1 /* Resources */,
				223A74A81D539B73007C4ED1 /* AppDelegate.h */,
				223A74A91D539B73007C4ED1 /* AppDelegate.m */,
				223A74AB1D539B73007C4ED1 /* LaunchScreen.storyboard */,
				223A74AC1D539B73007C4ED1 /* Main.storyboard */,
				223A74AD1D539B73007C4ED1 /* HomeViewController.h */,
				223A74AE1D539B73007C4ED1 /* HomeViewController.m */,
				223A74AF1D539B73007C4ED1 /* MenuViewController.h */,
				223A74B01D539B73007C4ED1 /* MenuViewController.m */,
				223A74B11D539B73007C4ED1 /* BuyProductViewController.h */,
				223A74B21D539B73007C4ED1 /* BuyProductViewController.m */,
				223A74B31D539B73007C4ED1 /* CustomFieldViewController.h */,
				223A74B41D539B73007C4ED1 /* CustomFieldViewController.m */,
				6003F5A8195388D20070C39A /* Images.xcassets */,
				6003F594195388D20070C39A /* Supporting Files */,
			);
			name = "Example for UserHook";
			path = UserHook;
			sourceTree = "<group>";
		};
		6003F594195388D20070C39A /* Supporting Files */ = {
			isa = PBXGroup;
			children = (
				223A74E31D539F20007C4ED1 /* userhook.plist */,
				6003F595195388D20070C39A /* UserHook-Info.plist */,
				6003F596195388D20070C39A /* InfoPlist.strings */,
				6003F599195388D20070C39A /* main.m */,
				6003F59B195388D20070C39A /* UserHook-Prefix.pch */,
			);
			name = "Supporting Files";
			sourceTree = "<group>";
		};
		6003F5B5195388D20070C39A /* Tests */ = {
			isa = PBXGroup;
			children = (
				6003F5B6195388D20070C39A /* Supporting Files */,
				22E9C6571D9EBB9400C4296D /* UHHookpointTest.m */,
				22E9C65B1D9EE72B00C4296D /* UHRequestTest.m */,
				22E9C66F1DA2CE3E00C4296D /* UHOperationTest.m */,
				22F90BD01DA842B2009ECB6E /* UHPushTest.m */,
			);
			path = Tests;
			sourceTree = "<group>";
		};
		6003F5B6195388D20070C39A /* Supporting Files */ = {
			isa = PBXGroup;
			children = (
				6003F5B7195388D20070C39A /* Tests-Info.plist */,
				6003F5B8195388D20070C39A /* InfoPlist.strings */,
				606FC2411953D9B200FFA9A0 /* Tests-Prefix.pch */,
			);
			name = "Supporting Files";
			sourceTree = "<group>";
		};
		60FF7A9C1954A5C5007DD14C /* Podspec Metadata */ = {
			isa = PBXGroup;
			children = (
				61DAA51DF273418487C2E084 /* UserHook.podspec */,
				7BB515D68C0E38F072DAFCB9 /* README.md */,
				0A8C9238D01A2C238E12BB17 /* LICENSE */,
			);
			name = "Podspec Metadata";
			sourceTree = "<group>";
		};
		81D1430B82FB15221247BB93 /* Pods */ = {
			isa = PBXGroup;
			children = (
				0621FB711712AC86BFAF09A9 /* Pods-UserHook_Example.debug.xcconfig */,
				F78226A864827CB7AFB3F826 /* Pods-UserHook_Example.release.xcconfig */,
				05BDFE8BE32D06A9B92DF651 /* Pods-UserHook_Tests.debug.xcconfig */,
				6D33E793E27B8F43F5F12D43 /* Pods-UserHook_Tests.release.xcconfig */,
			);
			name = Pods;
			sourceTree = "<group>";
		};
/* End PBXGroup section */

/* Begin PBXNativeTarget section */
		6003F589195388D20070C39A /* UserHook_Example */ = {
			isa = PBXNativeTarget;
			buildConfigurationList = 6003F5BF195388D20070C39A /* Build configuration list for PBXNativeTarget "UserHook_Example" */;
			buildPhases = (
				62E61E451BCC9957E97AA7A3 /* [CP] Check Pods Manifest.lock */,
				6003F586195388D20070C39A /* Sources */,
				6003F587195388D20070C39A /* Frameworks */,
				6003F588195388D20070C39A /* Resources */,
				61C109D3C4991790DF2AEC86 /* [CP] Embed Pods Frameworks */,
				E0C1FDD7D5EA677D38DD8A03 /* [CP] Copy Pods Resources */,
			);
			buildRules = (
			);
			dependencies = (
			);
			name = UserHook_Example;
			productName = UserHook;
			productReference = 6003F58A195388D20070C39A /* UserHook_Example.app */;
			productType = "com.apple.product-type.application";
		};
		6003F5AD195388D20070C39A /* UserHook_Tests */ = {
			isa = PBXNativeTarget;
			buildConfigurationList = 6003F5C2195388D20070C39A /* Build configuration list for PBXNativeTarget "UserHook_Tests" */;
			buildPhases = (
				D0A2A27A9EE1D0DFFBEAF0C0 /* [CP] Check Pods Manifest.lock */,
				6003F5AA195388D20070C39A /* Sources */,
				6003F5AB195388D20070C39A /* Frameworks */,
				6003F5AC195388D20070C39A /* Resources */,
				904150A1282344A78D379C61 /* [CP] Embed Pods Frameworks */,
				7808EBD7C73A33A0F34AD5D7 /* [CP] Copy Pods Resources */,
			);
			buildRules = (
			);
			dependencies = (
				6003F5B4195388D20070C39A /* PBXTargetDependency */,
			);
			name = UserHook_Tests;
			productName = UserHookTests;
			productReference = 6003F5AE195388D20070C39A /* UserHook_Tests.xctest */;
			productType = "com.apple.product-type.bundle.unit-test";
		};
/* End PBXNativeTarget section */

/* Begin PBXProject section */
		6003F582195388D10070C39A /* Project object */ = {
			isa = PBXProject;
			attributes = {
				CLASSPREFIX = UH;
				LastUpgradeCheck = 0820;
				ORGANIZATIONNAME = mattjohnston;
				TargetAttributes = {
					6003F589195388D20070C39A = {
						DevelopmentTeam = M8LQUL3G9U;
						SystemCapabilities = {
							com.apple.Push = {
								enabled = 1;
							};
						};
					};
					6003F5AD195388D20070C39A = {
						DevelopmentTeam = M8LQUL3G9U;
					};
				};
			};
			buildConfigurationList = 6003F585195388D10070C39A /* Build configuration list for PBXProject "UserHook" */;
			compatibilityVersion = "Xcode 3.2";
			developmentRegion = English;
			hasScannedForEncodings = 0;
			knownRegions = (
				en,
				Base,
			);
			mainGroup = 6003F581195388D10070C39A;
			productRefGroup = 6003F58B195388D20070C39A /* Products */;
			projectDirPath = "";
			projectRoot = "";
			targets = (
				6003F589195388D20070C39A /* UserHook_Example */,
				6003F5AD195388D20070C39A /* UserHook_Tests */,
			);
		};
/* End PBXProject section */

/* Begin PBXResourcesBuildPhase section */
		6003F588195388D20070C39A /* Resources */ = {
			isa = PBXResourcesBuildPhase;
			buildActionMask = 2147483647;
			files = (
				223A74E01D539BD1007C4ED1 /* menu@3x.png in Resources */,
				223A74D61D539BD1007C4ED1 /* appicon-120.png in Resources */,
				223A74E41D539F20007C4ED1 /* userhook.plist in Resources */,
				223A74D71D539BD1007C4ED1 /* appicon-152.png in Resources */,
				223A74D21D539BD1007C4ED1 /* LICENSE in Resources */,
				6003F5A9195388D20070C39A /* Images.xcassets in Resources */,
				223A74DA1D539BD1007C4ED1 /* appicon-76.png in Resources */,
				223A74DD1D539BD1007C4ED1 /* launch_logo@3x.png in Resources */,
				223A74D91D539BD1007C4ED1 /* appicon-60.png in Resources */,
				223A74B81D539B73007C4ED1 /* Main.storyboard in Resources */,
				223A74B71D539B73007C4ED1 /* LaunchScreen.storyboard in Resources */,
				223A74D81D539BD1007C4ED1 /* appicon-180.png in Resources */,
				223A74DC1D539BD1007C4ED1 /* launch_logo@2x.png in Resources */,
				223A74DE1D539BD1007C4ED1 /* menu.png in Resources */,
				223A74DB1D539BD1007C4ED1 /* launch_logo.png in Resources */,
				223A74DF1D539BD1007C4ED1 /* menu@2x.png in Resources */,
				6003F598195388D20070C39A /* InfoPlist.strings in Resources */,
			);
			runOnlyForDeploymentPostprocessing = 0;
		};
		6003F5AC195388D20070C39A /* Resources */ = {
			isa = PBXResourcesBuildPhase;
			buildActionMask = 2147483647;
			files = (
				6003F5BA195388D20070C39A /* InfoPlist.strings in Resources */,
			);
			runOnlyForDeploymentPostprocessing = 0;
		};
/* End PBXResourcesBuildPhase section */

/* Begin PBXShellScriptBuildPhase section */
		61C109D3C4991790DF2AEC86 /* [CP] Embed Pods Frameworks */ = {
			isa = PBXShellScriptBuildPhase;
			buildActionMask = 2147483647;
			files = (
			);
			inputPaths = (
			);
			name = "[CP] Embed Pods Frameworks";
			outputPaths = (
			);
			runOnlyForDeploymentPostprocessing = 0;
			shellPath = /bin/sh;
			shellScript = "\"${SRCROOT}/Pods/Target Support Files/Pods-UserHook_Example/Pods-UserHook_Example-frameworks.sh\"\n";
			showEnvVarsInLog = 0;
		};
		62E61E451BCC9957E97AA7A3 /* [CP] Check Pods Manifest.lock */ = {
			isa = PBXShellScriptBuildPhase;
			buildActionMask = 2147483647;
			files = (
			);
			inputPaths = (
			);
			name = "[CP] Check Pods Manifest.lock";
			outputPaths = (
			);
			runOnlyForDeploymentPostprocessing = 0;
			shellPath = /bin/sh;
			shellScript = "diff \"${PODS_ROOT}/../Podfile.lock\" \"${PODS_ROOT}/Manifest.lock\" > /dev/null\nif [ $? != 0 ] ; then\n    # print error to STDERR\n    echo \"error: The sandbox is not in sync with the Podfile.lock. Run \'pod install\' or update your CocoaPods installation.\" >&2\n    exit 1\nfi\n";
			showEnvVarsInLog = 0;
		};
		7808EBD7C73A33A0F34AD5D7 /* [CP] Copy Pods Resources */ = {
			isa = PBXShellScriptBuildPhase;
			buildActionMask = 2147483647;
			files = (
			);
			inputPaths = (
			);
			name = "[CP] Copy Pods Resources";
			outputPaths = (
			);
			runOnlyForDeploymentPostprocessing = 0;
			shellPath = /bin/sh;
			shellScript = "\"${SRCROOT}/Pods/Target Support Files/Pods-UserHook_Tests/Pods-UserHook_Tests-resources.sh\"\n";
			showEnvVarsInLog = 0;
		};
		904150A1282344A78D379C61 /* [CP] Embed Pods Frameworks */ = {
			isa = PBXShellScriptBuildPhase;
			buildActionMask = 2147483647;
			files = (
			);
			inputPaths = (
			);
			name = "[CP] Embed Pods Frameworks";
			outputPaths = (
			);
			runOnlyForDeploymentPostprocessing = 0;
			shellPath = /bin/sh;
			shellScript = "\"${SRCROOT}/Pods/Target Support Files/Pods-UserHook_Tests/Pods-UserHook_Tests-frameworks.sh\"\n";
			showEnvVarsInLog = 0;
		};
		D0A2A27A9EE1D0DFFBEAF0C0 /* [CP] Check Pods Manifest.lock */ = {
			isa = PBXShellScriptBuildPhase;
			buildActionMask = 2147483647;
			files = (
			);
			inputPaths = (
			);
			name = "[CP] Check Pods Manifest.lock";
			outputPaths = (
			);
			runOnlyForDeploymentPostprocessing = 0;
			shellPath = /bin/sh;
			shellScript = "diff \"${PODS_ROOT}/../Podfile.lock\" \"${PODS_ROOT}/Manifest.lock\" > /dev/null\nif [ $? != 0 ] ; then\n    # print error to STDERR\n    echo \"error: The sandbox is not in sync with the Podfile.lock. Run \'pod install\' or update your CocoaPods installation.\" >&2\n    exit 1\nfi\n";
			showEnvVarsInLog = 0;
		};
		E0C1FDD7D5EA677D38DD8A03 /* [CP] Copy Pods Resources */ = {
			isa = PBXShellScriptBuildPhase;
			buildActionMask = 2147483647;
			files = (
			);
			inputPaths = (
			);
			name = "[CP] Copy Pods Resources";
			outputPaths = (
			);
			runOnlyForDeploymentPostprocessing = 0;
			shellPath = /bin/sh;
			shellScript = "\"${SRCROOT}/Pods/Target Support Files/Pods-UserHook_Example/Pods-UserHook_Example-resources.sh\"\n";
			showEnvVarsInLog = 0;
		};
/* End PBXShellScriptBuildPhase section */

/* Begin PBXSourcesBuildPhase section */
		6003F586195388D20070C39A /* Sources */ = {
			isa = PBXSourcesBuildPhase;
			buildActionMask = 2147483647;
			files = (
				223A74D41D539BD1007C4ED1 /* MFSideMenuShadow.m in Sources */,
				223A74BC1D539B73007C4ED1 /* CustomFieldViewController.m in Sources */,
				223A74B51D539B73007C4ED1 /* AppDelegate.m in Sources */,
				223A74D51D539BD1007C4ED1 /* UIViewController+MFSideMenuAdditions.m in Sources */,
				6003F59A195388D20070C39A /* main.m in Sources */,
				223A74B91D539B73007C4ED1 /* HomeViewController.m in Sources */,
				223A74BA1D539B73007C4ED1 /* MenuViewController.m in Sources */,
				223A74BB1D539B73007C4ED1 /* BuyProductViewController.m in Sources */,
				223A74D31D539BD1007C4ED1 /* MFSideMenuContainerViewController.m in Sources */,
			);
			runOnlyForDeploymentPostprocessing = 0;
		};
		6003F5AA195388D20070C39A /* Sources */ = {
			isa = PBXSourcesBuildPhase;
			buildActionMask = 2147483647;
			files = (
				22F90BD11DA842B2009ECB6E /* UHPushTest.m in Sources */,
				22E9C65C1D9EE72B00C4296D /* UHRequestTest.m in Sources */,
				22E9C6581D9EBB9400C4296D /* UHHookpointTest.m in Sources */,
				22E9C6701DA2CE3E00C4296D /* UHOperationTest.m in Sources */,
			);
			runOnlyForDeploymentPostprocessing = 0;
		};
/* End PBXSourcesBuildPhase section */

/* Begin PBXTargetDependency section */
		6003F5B4195388D20070C39A /* PBXTargetDependency */ = {
			isa = PBXTargetDependency;
			target = 6003F589195388D20070C39A /* UserHook_Example */;
			targetProxy = 6003F5B3195388D20070C39A /* PBXContainerItemProxy */;
		};
/* End PBXTargetDependency section */

/* Begin PBXVariantGroup section */
		6003F596195388D20070C39A /* InfoPlist.strings */ = {
			isa = PBXVariantGroup;
			children = (
				6003F597195388D20070C39A /* en */,
			);
			name = InfoPlist.strings;
			sourceTree = "<group>";
		};
		6003F5B8195388D20070C39A /* InfoPlist.strings */ = {
			isa = PBXVariantGroup;
			children = (
				6003F5B9195388D20070C39A /* en */,
			);
			name = InfoPlist.strings;
			sourceTree = "<group>";
		};
/* End PBXVariantGroup section */

/* Begin XCBuildConfiguration section */
		6003F5BD195388D20070C39A /* Debug */ = {
			isa = XCBuildConfiguration;
			buildSettings = {
				ALWAYS_SEARCH_USER_PATHS = NO;
				CLANG_CXX_LANGUAGE_STANDARD = "gnu++0x";
				CLANG_CXX_LIBRARY = "libc++";
				CLANG_ENABLE_MODULES = YES;
				CLANG_ENABLE_OBJC_ARC = YES;
				CLANG_WARN_BOOL_CONVERSION = YES;
				CLANG_WARN_CONSTANT_CONVERSION = YES;
				CLANG_WARN_DIRECT_OBJC_ISA_USAGE = YES_ERROR;
				CLANG_WARN_EMPTY_BODY = YES;
				CLANG_WARN_ENUM_CONVERSION = YES;
				CLANG_WARN_INFINITE_RECURSION = YES;
				CLANG_WARN_INT_CONVERSION = YES;
				CLANG_WARN_OBJC_ROOT_CLASS = YES_ERROR;
				CLANG_WARN_SUSPICIOUS_MOVE = YES;
				CLANG_WARN_UNREACHABLE_CODE = YES;
				CLANG_WARN__DUPLICATE_METHOD_MATCH = YES;
				"CODE_SIGN_IDENTITY[sdk=iphoneos*]" = "iPhone Developer";
				COPY_PHASE_STRIP = NO;
				ENABLE_STRICT_OBJC_MSGSEND = YES;
				ENABLE_TESTABILITY = YES;
				GCC_C_LANGUAGE_STANDARD = gnu99;
				GCC_DYNAMIC_NO_PIC = NO;
				GCC_NO_COMMON_BLOCKS = YES;
				GCC_OPTIMIZATION_LEVEL = 0;
				GCC_PREPROCESSOR_DEFINITIONS = (
					"DEBUG=1",
					"$(inherited)",
				);
				GCC_SYMBOLS_PRIVATE_EXTERN = NO;
				GCC_WARN_64_TO_32_BIT_CONVERSION = YES;
				GCC_WARN_ABOUT_RETURN_TYPE = YES_ERROR;
				GCC_WARN_UNDECLARED_SELECTOR = YES;
				GCC_WARN_UNINITIALIZED_AUTOS = YES_AGGRESSIVE;
				GCC_WARN_UNUSED_FUNCTION = YES;
				GCC_WARN_UNUSED_VARIABLE = YES;
				IPHONEOS_DEPLOYMENT_TARGET = 8.3;
				ONLY_ACTIVE_ARCH = YES;
				SDKROOT = iphoneos;
				TARGETED_DEVICE_FAMILY = "1,2";
			};
			name = Debug;
		};
		6003F5BE195388D20070C39A /* Release */ = {
			isa = XCBuildConfiguration;
			buildSettings = {
				ALWAYS_SEARCH_USER_PATHS = NO;
				CLANG_CXX_LANGUAGE_STANDARD = "gnu++0x";
				CLANG_CXX_LIBRARY = "libc++";
				CLANG_ENABLE_MODULES = YES;
				CLANG_ENABLE_OBJC_ARC = YES;
				CLANG_WARN_BOOL_CONVERSION = YES;
				CLANG_WARN_CONSTANT_CONVERSION = YES;
				CLANG_WARN_DIRECT_OBJC_ISA_USAGE = YES_ERROR;
				CLANG_WARN_EMPTY_BODY = YES;
				CLANG_WARN_ENUM_CONVERSION = YES;
				CLANG_WARN_INFINITE_RECURSION = YES;
				CLANG_WARN_INT_CONVERSION = YES;
				CLANG_WARN_OBJC_ROOT_CLASS = YES_ERROR;
				CLANG_WARN_SUSPICIOUS_MOVE = YES;
				CLANG_WARN_UNREACHABLE_CODE = YES;
				CLANG_WARN__DUPLICATE_METHOD_MATCH = YES;
				"CODE_SIGN_IDENTITY[sdk=iphoneos*]" = "iPhone Developer";
				COPY_PHASE_STRIP = YES;
				ENABLE_NS_ASSERTIONS = NO;
				ENABLE_STRICT_OBJC_MSGSEND = YES;
				GCC_C_LANGUAGE_STANDARD = gnu99;
				GCC_NO_COMMON_BLOCKS = YES;
				GCC_WARN_64_TO_32_BIT_CONVERSION = YES;
				GCC_WARN_ABOUT_RETURN_TYPE = YES_ERROR;
				GCC_WARN_UNDECLARED_SELECTOR = YES;
				GCC_WARN_UNINITIALIZED_AUTOS = YES_AGGRESSIVE;
				GCC_WARN_UNUSED_FUNCTION = YES;
				GCC_WARN_UNUSED_VARIABLE = YES;
				IPHONEOS_DEPLOYMENT_TARGET = 8.3;
				SDKROOT = iphoneos;
				TARGETED_DEVICE_FAMILY = "1,2";
				VALIDATE_PRODUCT = YES;
			};
			name = Release;
		};
		6003F5C0195388D20070C39A /* Debug */ = {
			isa = XCBuildConfiguration;
			baseConfigurationReference = 0621FB711712AC86BFAF09A9 /* Pods-UserHook_Example.debug.xcconfig */;
			buildSettings = {
				ASSETCATALOG_COMPILER_APPICON_NAME = AppIcon;
				CODE_SIGN_ENTITLEMENTS = UserHook_Example.entitlements;
				DEVELOPMENT_TEAM = M8LQUL3G9U;
				GCC_PRECOMPILE_PREFIX_HEADER = YES;
				GCC_PREFIX_HEADER = "UserHook/UserHook-Prefix.pch";
				INFOPLIST_FILE = "UserHook/UserHook-Info.plist";
				MODULE_NAME = ExampleApp;
				PRODUCT_BUNDLE_IDENTIFIER = com.cullaboration.UserHookDemo;
				PRODUCT_NAME = "$(TARGET_NAME)";
				WRAPPER_EXTENSION = app;
			};
			name = Debug;
		};
		6003F5C1195388D20070C39A /* Release */ = {
			isa = XCBuildConfiguration;
			baseConfigurationReference = F78226A864827CB7AFB3F826 /* Pods-UserHook_Example.release.xcconfig */;
			buildSettings = {
				ASSETCATALOG_COMPILER_APPICON_NAME = AppIcon;
				CODE_SIGN_ENTITLEMENTS = UserHook_Example.entitlements;
				DEVELOPMENT_TEAM = M8LQUL3G9U;
				GCC_PRECOMPILE_PREFIX_HEADER = YES;
				GCC_PREFIX_HEADER = "UserHook/UserHook-Prefix.pch";
				INFOPLIST_FILE = "UserHook/UserHook-Info.plist";
				MODULE_NAME = ExampleApp;
				PRODUCT_BUNDLE_IDENTIFIER = com.cullaboration.UserHookDemo;
				PRODUCT_NAME = "$(TARGET_NAME)";
				WRAPPER_EXTENSION = app;
			};
			name = Release;
		};
		6003F5C3195388D20070C39A /* Debug */ = {
			isa = XCBuildConfiguration;
			baseConfigurationReference = 05BDFE8BE32D06A9B92DF651 /* Pods-UserHook_Tests.debug.xcconfig */;
			buildSettings = {
				DEVELOPMENT_TEAM = M8LQUL3G9U;
				FRAMEWORK_SEARCH_PATHS = (
					"$(SDKROOT)/Developer/Library/Frameworks",
					"$(inherited)",
					"$(DEVELOPER_FRAMEWORKS_DIR)",
				);
				GCC_PRECOMPILE_PREFIX_HEADER = YES;
				GCC_PREFIX_HEADER = "Tests/Tests-Prefix.pch";
				GCC_PREPROCESSOR_DEFINITIONS = (
					"DEBUG=1",
					"$(inherited)",
				);
				INFOPLIST_FILE = "Tests/Tests-Info.plist";
				PRODUCT_BUNDLE_IDENTIFIER = "org.cocoapods.demo.${PRODUCT_NAME:rfc1034identifier}";
				PRODUCT_NAME = "$(TARGET_NAME)";
				WRAPPER_EXTENSION = xctest;
			};
			name = Debug;
		};
		6003F5C4195388D20070C39A /* Release */ = {
			isa = XCBuildConfiguration;
			baseConfigurationReference = 6D33E793E27B8F43F5F12D43 /* Pods-UserHook_Tests.release.xcconfig */;
			buildSettings = {
				DEVELOPMENT_TEAM = M8LQUL3G9U;
				FRAMEWORK_SEARCH_PATHS = (
					"$(SDKROOT)/Developer/Library/Frameworks",
					"$(inherited)",
					"$(DEVELOPER_FRAMEWORKS_DIR)",
				);
				GCC_PRECOMPILE_PREFIX_HEADER = YES;
				GCC_PREFIX_HEADER = "Tests/Tests-Prefix.pch";
				INFOPLIST_FILE = "Tests/Tests-Info.plist";
				PRODUCT_BUNDLE_IDENTIFIER = "org.cocoapods.demo.${PRODUCT_NAME:rfc1034identifier}";
				PRODUCT_NAME = "$(TARGET_NAME)";
				WRAPPER_EXTENSION = xctest;
			};
			name = Release;
		};
/* End XCBuildConfiguration section */

/* Begin XCConfigurationList section */
		6003F585195388D10070C39A /* Build configuration list for PBXProject "UserHook" */ = {
			isa = XCConfigurationList;
			buildConfigurations = (
				6003F5BD195388D20070C39A /* Debug */,
				6003F5BE195388D20070C39A /* Release */,
			);
			defaultConfigurationIsVisible = 0;
			defaultConfigurationName = Release;
		};
		6003F5BF195388D20070C39A /* Build configuration list for PBXNativeTarget "UserHook_Example" */ = {
			isa = XCConfigurationList;
			buildConfigurations = (
				6003F5C0195388D20070C39A /* Debug */,
				6003F5C1195388D20070C39A /* Release */,
			);
			defaultConfigurationIsVisible = 0;
			defaultConfigurationName = Release;
		};
		6003F5C2195388D20070C39A /* Build configuration list for PBXNativeTarget "UserHook_Tests" */ = {
			isa = XCConfigurationList;
			buildConfigurations = (
				6003F5C3195388D20070C39A /* Debug */,
				6003F5C4195388D20070C39A /* Release */,
			);
			defaultConfigurationIsVisible = 0;
			defaultConfigurationName = Release;
		};
/* End XCConfigurationList section */
	};
	rootObject = 6003F582195388D10070C39A /* Project object */;
}
